
Microsoft Visual Studio Solution File, Format Version 12.00
# Visual Studio Version 17
VisualStudioVersion = 17.1.32319.34
MinimumVisualStudioVersion = 10.0.40219.1
Project("{2150E333-8FDC-42A3-9474-1A3956D46DE8}") = "01 - API", "01 - API", "{55AF6D3A-D925-43B8-A97E-50C4C05F19F5}"
EndProject
Project("{2150E333-8FDC-42A3-9474-1A3956D46DE8}") = "02 - Aplicacao", "02 - Aplicacao", "{765A02F8-EB94-4B8A-9303-673382BF4F80}"
EndProject
Project("{2150E333-8FDC-42A3-9474-1A3956D46DE8}") = "03 - Dominio", "03 - Dominio", "{86081707-686B-4E4F-9680-1D9F8E1E7631}"
EndProject
Project("{2150E333-8FDC-42A3-9474-1A3956D46DE8}") = "04 - Infra", "04 - Infra", "{78CF9C3A-F490-4CBF-8C14-1BC0EEFDFDE3}"
EndProject
Project("{2150E333-8FDC-42A3-9474-1A3956D46DE8}") = "04.1 - Data", "04.1 - Data", "{F54065B3-048E-4F18-91E4-FB382029A76D}"
EndProject
Project("{9A19103F-16F7-4668-BE54-9A1E7A4F7556}") = "GestaoDeProdutosAPI.Infra.Data", "GestaoDeProdutosAPI.Infra.Data\GestaoDeProdutosAPI.Infra.Data.csproj", "{FAF3637C-0FD7-4FFE-9694-AEED6C9B6CE4}"
EndProject
Project("{9A19103F-16F7-4668-BE54-9A1E7A4F7556}") = "GestaoDeProdutosAPI.Dominio", "GestaoDeProdutosAPI.Dominio\GestaoDeProdutosAPI.Dominio.csproj", "{111D7508-36A4-4A7A-BA97-BCF2A36CA49D}"
EndProject
Project("{FAE04EC0-301F-11D3-BF4B-00C04F79EFBC}") = "GestaoDeProdutosAPI.Aplicacao", "Aplicacao\GestaoDeProdutosAPI.Aplicacao.csproj", "{0734325D-C89A-4D92-807A-A6068A2E3DB5}"
EndProject
Project("{FAE04EC0-301F-11D3-BF4B-00C04F79EFBC}") = "GestaoDeProdutosAPI.API", "GestaoDeProdutosAPI.API\GestaoDeProdutosAPI.API.csproj", "{1EE1DA41-D79E-40F2-92C0-74D8F747E4F3}"
EndProject
Global
	GlobalSection(SolutionConfigurationPlatforms) = preSolution
		Debug|Any CPU = Debug|Any CPU
		Release|Any CPU = Release|Any CPU
	EndGlobalSection
	GlobalSection(ProjectConfigurationPlatforms) = postSolution
		{FAF3637C-0FD7-4FFE-9694-AEED6C9B6CE4}.Debug|Any CPU.ActiveCfg = Debug|Any CPU
		{FAF3637C-0FD7-4FFE-9694-AEED6C9B6CE4}.Debug|Any CPU.Build.0 = Debug|Any CPU
		{FAF3637C-0FD7-4FFE-9694-AEED6C9B6CE4}.Release|Any CPU.ActiveCfg = Release|Any CPU
		{FAF3637C-0FD7-4FFE-9694-AEED6C9B6CE4}.Release|Any CPU.Build.0 = Release|Any CPU
		{111D7508-36A4-4A7A-BA97-BCF2A36CA49D}.Debug|Any CPU.ActiveCfg = Debug|Any CPU
		{111D7508-36A4-4A7A-BA97-BCF2A36CA49D}.Debug|Any CPU.Build.0 = Debug|Any CPU
		{111D7508-36A4-4A7A-BA97-BCF2A36CA49D}.Release|Any CPU.ActiveCfg = Release|Any CPU
		{111D7508-36A4-4A7A-BA97-BCF2A36CA49D}.Release|Any CPU.Build.0 = Release|Any CPU
		{0734325D-C89A-4D92-807A-A6068A2E3DB5}.Debug|Any CPU.ActiveCfg = Debug|Any CPU
		{0734325D-C89A-4D92-807A-A6068A2E3DB5}.Debug|Any CPU.Build.0 = Debug|Any CPU
		{0734325D-C89A-4D92-807A-A6068A2E3DB5}.Release|Any CPU.ActiveCfg = Release|Any CPU
		{0734325D-C89A-4D92-807A-A6068A2E3DB5}.Release|Any CPU.Build.0 = Release|Any CPU
		{1EE1DA41-D79E-40F2-92C0-74D8F747E4F3}.Debug|Any CPU.ActiveCfg = Debug|Any CPU
		{1EE1DA41-D79E-40F2-92C0-74D8F747E4F3}.Debug|Any CPU.Build.0 = Debug|Any CPU
		{1EE1DA41-D79E-40F2-92C0-74D8F747E4F3}.Release|Any CPU.ActiveCfg = Release|Any CPU
		{1EE1DA41-D79E-40F2-92C0-74D8F747E4F3}.Release|Any CPU.Build.0 = Release|Any CPU
	EndGlobalSection
	GlobalSection(SolutionProperties) = preSolution
		HideSolutionNode = FALSE
	EndGlobalSection
	GlobalSection(NestedProjects) = preSolution
		{F54065B3-048E-4F18-91E4-FB382029A76D} = {78CF9C3A-F490-4CBF-8C14-1BC0EEFDFDE3}
		{FAF3637C-0FD7-4FFE-9694-AEED6C9B6CE4} = {F54065B3-048E-4F18-91E4-FB382029A76D}
		{111D7508-36A4-4A7A-BA97-BCF2A36CA49D} = {86081707-686B-4E4F-9680-1D9F8E1E7631}
		{0734325D-C89A-4D92-807A-A6068A2E3DB5} = {765A02F8-EB94-4B8A-9303-673382BF4F80}
		{1EE1DA41-D79E-40F2-92C0-74D8F747E4F3} = {55AF6D3A-D925-43B8-A97E-50C4C05F19F5}
	EndGlobalSection
	GlobalSection(ExtensibilityGlobals) = postSolution
		SolutionGuid = {41F9C70C-D419-4A9E-9B8C-839956CFD4ED}
	EndGlobalSection
EndGlobal
